
Microsoft Visual Studio Solution File, Format Version 12.00
# Visual Studio Version 17
VisualStudioVersion = 17.11.35327.3
MinimumVisualStudioVersion = 10.0.40219.1
Project("{FAE04EC0-301F-11D3-BF4B-00C04F79EFBC}") = "Aula 2 - Login", "Aula 2 - Login.csproj", "{AD2D6BB6-1588-4329-87CB-486502045B78}"
EndProject
Global
	GlobalSection(SolutionConfigurationPlatforms) = preSolution
		Debug|Any CPU = Debug|Any CPU
		Release|Any CPU = Release|Any CPU
	EndGlobalSection
	GlobalSection(ProjectConfigurationPlatforms) = postSolution
		{AD2D6BB6-1588-4329-87CB-486502045B78}.Debug|Any CPU.ActiveCfg = Debug|Any CPU
		{AD2D6BB6-1588-4329-87CB-486502045B78}.Debug|Any CPU.Build.0 = Debug|Any CPU
		{AD2D6BB6-1588-4329-87CB-486502045B78}.Release|Any CPU.ActiveCfg = Release|Any CPU
		{AD2D6BB6-1588-4329-87CB-486502045B78}.Release|Any CPU.Build.0 = Release|Any CPU
	EndGlobalSection
	GlobalSection(SolutionProperties) = preSolution
		HideSolutionNode = FALSE
	EndGlobalSection
	GlobalSection(ExtensibilityGlobals) = postSolution
		SolutionGuid = {F0EA8638-A09D-46A7-93B1-3CBBDE0B91B3}
	EndGlobalSection
EndGlobal
